<?xml version="1.0" encoding="UTF-8"?>
<!DOCTYPE plist PUBLIC "-//Apple//DTD PLIST 1.0//EN" "http://www.apple.com/DTDs/PropertyList-1.0.dtd">
<plist version="1.0">
<dict>
	<key>archiveVersion</key>
	<string>1</string>
	<key>classes</key>
	<dict/>
	<key>objectVersion</key>
	<string>46</string>
	<key>objects</key>
	<dict>
		<key>8B410CD81E7464B600DB1AFA</key>
		<dict>
			<key>children</key>
			<array>
				<string>8B410CE31E7464B600DB1AFA</string>
				<string>8B410CE21E7464B600DB1AFA</string>
			</array>
			<key>isa</key>
			<string>PBXGroup</string>
			<key>sourceTree</key>
			<string>&lt;group&gt;</string>
		</dict>
		<key>8B410CD91E7464B600DB1AFA</key>
		<dict>
			<key>attributes</key>
			<dict>
				<key>LastSwiftUpdateCheck</key>
				<string>0820</string>
				<key>LastUpgradeCheck</key>
				<string>0820</string>
				<key>ORGANIZATIONNAME</key>
				<string>CarrotApps</string>
				<key>TargetAttributes</key>
				<dict>
					<key>8B410CE01E7464B600DB1AFA</key>
					<dict>
						<key>CreatedOnToolsVersion</key>
						<string>8.2.1</string>
						<key>DevelopmentTeam</key>
						<string>2R8KNQM8C5</string>
						<key>ProvisioningStyle</key>
						<string>Automatic</string>
					</dict>
				</dict>
			</dict>
			<key>buildConfigurationList</key>
			<string>8B410CDC1E7464B600DB1AFA</string>
			<key>compatibilityVersion</key>
			<string>Xcode 3.2</string>
			<key>developmentRegion</key>
			<string>English</string>
			<key>hasScannedForEncodings</key>
			<string>0</string>
			<key>isa</key>
			<string>PBXProject</string>
			<key>knownRegions</key>
			<array>
				<string>en</string>
				<string>Base</string>
			</array>
			<key>mainGroup</key>
			<string>8B410CD81E7464B600DB1AFA</string>
			<key>productRefGroup</key>
			<string>8B410CE21E7464B600DB1AFA</string>
			<key>projectDirPath</key>
			<string></string>
			<key>projectReferences</key>
			<array/>
			<key>projectRoot</key>
			<string></string>
			<key>targets</key>
			<array>
				<string>8B410CE01E7464B600DB1AFA</string>
			</array>
		</dict>
		<key>8B410CDC1E7464B600DB1AFA</key>
		<dict>
			<key>buildConfigurations</key>
			<array>
				<string>8B410D071E7464B600DB1AFA</string>
				<string>8B410D081E7464B600DB1AFA</string>
			</array>
			<key>defaultConfigurationIsVisible</key>
			<string>0</string>
			<key>defaultConfigurationName</key>
			<string>Release</string>
			<key>isa</key>
			<string>XCConfigurationList</string>
		</dict>
		<key>8B410CDD1E7464B600DB1AFA</key>
		<dict>
			<key>buildActionMask</key>
			<string>2147483647</string>
			<key>files</key>
			<array>
				<string>8B410D321E748E3B00DB1AFA</string>
				<string>8B410D4E1E7491E100DB1AFA</string>
				<string>8B410D441E748E3B00DB1AFA</string>
				<string>8B410D3C1E748E3B00DB1AFA</string>
				<string>8B410D3E1E748E3B00DB1AFA</string>
				<string>8B410D3F1E748E3B00DB1AFA</string>
				<string>8B410D351E748E3B00DB1AFA</string>
				<string>8B410D4B1E748E3B00DB1AFA</string>
				<string>8B410D131E74857900DB1AFA</string>
				<string>8B410D461E748E3B00DB1AFA</string>
				<string>8B410D411E748E3B00DB1AFA</string>
				<string>8B410CE71E7464B600DB1AFA</string>
				<string>8B410D501E74A26700DB1AFA</string>
				<string>8B410D401E748E3B00DB1AFA</string>
				<string>8B410D541E74C4D500DB1AFA</string>
				<string>8B410D3B1E748E3B00DB1AFA</string>
				<string>8B410D3D1E748E3B00DB1AFA</string>
				<string>8B410D301E748E3B00DB1AFA</string>
				<string>8B410D311E748E3B00DB1AFA</string>
				<string>8B410D4A1E748E3B00DB1AFA</string>
				<string>8B410D371E748E3B00DB1AFA</string>
				<string>8B410D491E748E3B00DB1AFA</string>
				<string>8B410D451E748E3B00DB1AFA</string>
				<string>8B410D391E748E3B00DB1AFA</string>
				<string>8B410D331E748E3B00DB1AFA</string>
				<string>8B410CE51E7464B600DB1AFA</string>
				<string>8B410D481E748E3B00DB1AFA</string>
				<string>8B410D471E748E3B00DB1AFA</string>
				<string>8B410D3A1E748E3B00DB1AFA</string>
				<string>8B410D431E748E3B00DB1AFA</string>
				<string>8B410D421E748E3B00DB1AFA</string>
				<string>8B410D361E748E3B00DB1AFA</string>
				<string>8B410D381E748E3B00DB1AFA</string>
			</array>
			<key>isa</key>
			<string>PBXSourcesBuildPhase</string>
			<key>runOnlyForDeploymentPostprocessing</key>
			<string>0</string>
		</dict>
		<key>8B410CDE1E7464B600DB1AFA</key>
		<dict>
			<key>buildActionMask</key>
			<string>2147483647</string>
			<key>files</key>
			<array/>
			<key>isa</key>
			<string>PBXFrameworksBuildPhase</string>
			<key>runOnlyForDeploymentPostprocessing</key>
			<string>0</string>
		</dict>
		<key>8B410CDF1E7464B600DB1AFA</key>
		<dict>
			<key>buildActionMask</key>
			<string>2147483647</string>
			<key>files</key>
			<array>
				<string>8B410CEF1E7464B600DB1AFA</string>
				<string>8B410D521E74A6D600DB1AFA</string>
				<string>8B410D341E748E3B00DB1AFA</string>
				<string>8B410CEC1E7464B600DB1AFA</string>
				<string>8B410CEA1E7464B600DB1AFA</string>
			</array>
			<key>isa</key>
			<string>PBXResourcesBuildPhase</string>
			<key>runOnlyForDeploymentPostprocessing</key>
			<string>0</string>
		</dict>
		<key>8B410CE01E7464B600DB1AFA</key>
		<dict>
			<key>buildConfigurationList</key>
			<string>8B410D091E7464B600DB1AFA</string>
			<key>buildPhases</key>
			<array>
				<string>8B410CDD1E7464B600DB1AFA</string>
				<string>8B410CDE1E7464B600DB1AFA</string>
				<string>8B410CDF1E7464B600DB1AFA</string>
			</array>
			<key>buildRules</key>
			<array/>
			<key>dependencies</key>
			<array/>
			<key>isa</key>
			<string>PBXNativeTarget</string>
			<key>name</key>
			<string>FBHackathon</string>
			<key>productName</key>
			<string>FBHackathon</string>
			<key>productReference</key>
			<string>8B410CE11E7464B600DB1AFA</string>
			<key>productType</key>
			<string>com.apple.product-type.application</string>
		</dict>
		<key>8B410CE11E7464B600DB1AFA</key>
		<dict>
			<key>explicitFileType</key>
			<string>wrapper.application</string>
			<key>includeInIndex</key>
			<string>0</string>
			<key>isa</key>
			<string>PBXFileReference</string>
			<key>path</key>
			<string>FBHackathon.app</string>
			<key>sourceTree</key>
			<string>BUILT_PRODUCTS_DIR</string>
		</dict>
		<key>8B410CE21E7464B600DB1AFA</key>
		<dict>
			<key>children</key>
			<array>
				<string>8B410CE11E7464B600DB1AFA</string>
			</array>
			<key>isa</key>
			<string>PBXGroup</string>
			<key>name</key>
			<string>Products</string>
			<key>sourceTree</key>
			<string>&lt;group&gt;</string>
		</dict>
		<key>8B410CE31E7464B600DB1AFA</key>
		<dict>
			<key>children</key>
			<array>
				<string>8B410CE41E7464B600DB1AFA</string>
				<string>8B410CE61E7464B600DB1AFA</string>
				<string>8B410CE81E7464B600DB1AFA</string>
				<string>8B410D121E74857900DB1AFA</string>
				<string>8B410CEB1E7464B600DB1AFA</string>
				<string>8B410CED1E7464B600DB1AFA</string>
				<string>8B410CF01E7464B600DB1AFA</string>
				<string>8B410D4D1E7491E100DB1AFA</string>
				<string>8B410D4F1E74A26700DB1AFA</string>
				<string>8B410D531E74C4D500DB1AFA</string>
				<string>8B410D511E74A6D600DB1AFA</string>
				<string>8B410D4C1E748E4300DB1AFA</string>
			</array>
			<key>isa</key>
			<string>PBXGroup</string>
			<key>path</key>
			<string>FBHackathon</string>
			<key>sourceTree</key>
			<string>&lt;group&gt;</string>
		</dict>
		<key>8B410CE41E7464B600DB1AFA</key>
		<dict>
			<key>isa</key>
			<string>PBXFileReference</string>
			<key>lastKnownFileType</key>
			<string>sourcecode.swift</string>
			<key>path</key>
			<string>AppDelegate.swift</string>
			<key>sourceTree</key>
			<string>&lt;group&gt;</string>
		</dict>
		<key>8B410CE51E7464B600DB1AFA</key>
		<dict>
			<key>fileRef</key>
			<string>8B410CE41E7464B600DB1AFA</string>
			<key>isa</key>
			<string>PBXBuildFile</string>
		</dict>
		<key>8B410CE61E7464B600DB1AFA</key>
		<dict>
			<key>isa</key>
			<string>PBXFileReference</string>
			<key>lastKnownFileType</key>
			<string>sourcecode.swift</string>
			<key>path</key>
			<string>ViewController.swift</string>
			<key>sourceTree</key>
			<string>&lt;group&gt;</string>
		</dict>
		<key>8B410CE71E7464B600DB1AFA</key>
		<dict>
			<key>fileRef</key>
			<string>8B410CE61E7464B600DB1AFA</string>
			<key>isa</key>
			<string>PBXBuildFile</string>
		</dict>
		<key>8B410CE81E7464B600DB1AFA</key>
		<dict>
			<key>children</key>
			<array>
				<string>8B410CE91E7464B600DB1AFA</string>
			</array>
			<key>isa</key>
			<string>PBXVariantGroup</string>
			<key>name</key>
			<string>Main.storyboard</string>
			<key>sourceTree</key>
			<string>&lt;group&gt;</string>
		</dict>
		<key>8B410CE91E7464B600DB1AFA</key>
		<dict>
			<key>isa</key>
			<string>PBXFileReference</string>
			<key>lastKnownFileType</key>
			<string>file.storyboard</string>
			<key>name</key>
			<string>Base</string>
			<key>path</key>
			<string>Base.lproj/Main.storyboard</string>
			<key>sourceTree</key>
			<string>&lt;group&gt;</string>
		</dict>
		<key>8B410CEA1E7464B600DB1AFA</key>
		<dict>
			<key>fileRef</key>
			<string>8B410CE81E7464B600DB1AFA</string>
			<key>isa</key>
			<string>PBXBuildFile</string>
		</dict>
		<key>8B410CEB1E7464B600DB1AFA</key>
		<dict>
			<key>isa</key>
			<string>PBXFileReference</string>
			<key>lastKnownFileType</key>
			<string>folder.assetcatalog</string>
			<key>path</key>
			<string>Assets.xcassets</string>
			<key>sourceTree</key>
			<string>&lt;group&gt;</string>
		</dict>
		<key>8B410CEC1E7464B600DB1AFA</key>
		<dict>
			<key>fileRef</key>
			<string>8B410CEB1E7464B600DB1AFA</string>
			<key>isa</key>
			<string>PBXBuildFile</string>
		</dict>
		<key>8B410CED1E7464B600DB1AFA</key>
		<dict>
			<key>children</key>
			<array>
				<string>8B410CEE1E7464B600DB1AFA</string>
			</array>
			<key>isa</key>
			<string>PBXVariantGroup</string>
			<key>name</key>
			<string>LaunchScreen.storyboard</string>
			<key>sourceTree</key>
			<string>&lt;group&gt;</string>
		</dict>
		<key>8B410CEE1E7464B600DB1AFA</key>
		<dict>
			<key>isa</key>
			<string>PBXFileReference</string>
			<key>lastKnownFileType</key>
			<string>file.storyboard</string>
			<key>name</key>
			<string>Base</string>
			<key>path</key>
			<string>Base.lproj/LaunchScreen.storyboard</string>
			<key>sourceTree</key>
			<string>&lt;group&gt;</string>
		</dict>
		<key>8B410CEF1E7464B600DB1AFA</key>
		<dict>
			<key>fileRef</key>
			<string>8B410CED1E7464B600DB1AFA</string>
			<key>isa</key>
			<string>PBXBuildFile</string>
		</dict>
		<key>8B410CF01E7464B600DB1AFA</key>
		<dict>
			<key>isa</key>
			<string>PBXFileReference</string>
			<key>lastKnownFileType</key>
			<string>text.plist.xml</string>
			<key>path</key>
			<string>Info.plist</string>
			<key>sourceTree</key>
			<string>&lt;group&gt;</string>
		</dict>
		<key>8B410D071E7464B600DB1AFA</key>
		<dict>
			<key>buildSettings</key>
			<dict>
				<key>ALWAYS_SEARCH_USER_PATHS</key>
				<string>NO</string>
				<key>CLANG_ANALYZER_NONNULL</key>
				<string>YES</string>
				<key>CLANG_CXX_LANGUAGE_STANDARD</key>
				<string>gnu++0x</string>
				<key>CLANG_CXX_LIBRARY</key>
				<string>libc++</string>
				<key>CLANG_ENABLE_MODULES</key>
				<string>YES</string>
				<key>CLANG_ENABLE_OBJC_ARC</key>
				<string>YES</string>
				<key>CLANG_WARN_BOOL_CONVERSION</key>
				<string>YES</string>
				<key>CLANG_WARN_CONSTANT_CONVERSION</key>
				<string>YES</string>
				<key>CLANG_WARN_DIRECT_OBJC_ISA_USAGE</key>
				<string>YES_ERROR</string>
				<key>CLANG_WARN_DOCUMENTATION_COMMENTS</key>
				<string>YES</string>
				<key>CLANG_WARN_EMPTY_BODY</key>
				<string>YES</string>
				<key>CLANG_WARN_ENUM_CONVERSION</key>
				<string>YES</string>
				<key>CLANG_WARN_INFINITE_RECURSION</key>
				<string>YES</string>
				<key>CLANG_WARN_INT_CONVERSION</key>
				<string>YES</string>
				<key>CLANG_WARN_OBJC_ROOT_CLASS</key>
				<string>YES_ERROR</string>
				<key>CLANG_WARN_SUSPICIOUS_MOVE</key>
				<string>YES</string>
				<key>CLANG_WARN_UNREACHABLE_CODE</key>
				<string>YES</string>
				<key>CLANG_WARN__DUPLICATE_METHOD_MATCH</key>
				<string>YES</string>
				<key>CODE_SIGN_IDENTITY[sdk=iphoneos*]</key>
				<string>iPhone Developer</string>
				<key>COPY_PHASE_STRIP</key>
				<string>NO</string>
				<key>DEBUG_INFORMATION_FORMAT</key>
				<string>dwarf</string>
				<key>ENABLE_STRICT_OBJC_MSGSEND</key>
				<string>YES</string>
				<key>ENABLE_TESTABILITY</key>
				<string>YES</string>
				<key>GCC_C_LANGUAGE_STANDARD</key>
				<string>gnu99</string>
				<key>GCC_DYNAMIC_NO_PIC</key>
				<string>NO</string>
				<key>GCC_NO_COMMON_BLOCKS</key>
				<string>YES</string>
				<key>GCC_OPTIMIZATION_LEVEL</key>
				<string>0</string>
				<key>GCC_PREPROCESSOR_DEFINITIONS</key>
				<array>
					<string>DEBUG=1</string>
					<string>$(inherited)</string>
				</array>
				<key>GCC_WARN_64_TO_32_BIT_CONVERSION</key>
				<string>YES</string>
				<key>GCC_WARN_ABOUT_RETURN_TYPE</key>
				<string>YES_ERROR</string>
				<key>GCC_WARN_UNDECLARED_SELECTOR</key>
				<string>YES</string>
				<key>GCC_WARN_UNINITIALIZED_AUTOS</key>
				<string>YES_AGGRESSIVE</string>
				<key>GCC_WARN_UNUSED_FUNCTION</key>
				<string>YES</string>
				<key>GCC_WARN_UNUSED_VARIABLE</key>
				<string>YES</string>
				<key>IPHONEOS_DEPLOYMENT_TARGET</key>
				<string>10.2</string>
				<key>MTL_ENABLE_DEBUG_INFO</key>
				<string>YES</string>
				<key>ONLY_ACTIVE_ARCH</key>
				<string>YES</string>
				<key>SDKROOT</key>
				<string>iphoneos</string>
				<key>SWIFT_ACTIVE_COMPILATION_CONDITIONS</key>
				<string>DEBUG</string>
				<key>SWIFT_OPTIMIZATION_LEVEL</key>
				<string>-Onone</string>
				<key>TARGETED_DEVICE_FAMILY</key>
				<string>1,2</string>
			</dict>
			<key>isa</key>
			<string>XCBuildConfiguration</string>
			<key>name</key>
			<string>Debug</string>
		</dict>
		<key>8B410D081E7464B600DB1AFA</key>
		<dict>
			<key>buildSettings</key>
			<dict>
				<key>ALWAYS_SEARCH_USER_PATHS</key>
				<string>NO</string>
				<key>CLANG_ANALYZER_NONNULL</key>
				<string>YES</string>
				<key>CLANG_CXX_LANGUAGE_STANDARD</key>
				<string>gnu++0x</string>
				<key>CLANG_CXX_LIBRARY</key>
				<string>libc++</string>
				<key>CLANG_ENABLE_MODULES</key>
				<string>YES</string>
				<key>CLANG_ENABLE_OBJC_ARC</key>
				<string>YES</string>
				<key>CLANG_WARN_BOOL_CONVERSION</key>
				<string>YES</string>
				<key>CLANG_WARN_CONSTANT_CONVERSION</key>
				<string>YES</string>
				<key>CLANG_WARN_DIRECT_OBJC_ISA_USAGE</key>
				<string>YES_ERROR</string>
				<key>CLANG_WARN_DOCUMENTATION_COMMENTS</key>
				<string>YES</string>
				<key>CLANG_WARN_EMPTY_BODY</key>
				<string>YES</string>
				<key>CLANG_WARN_ENUM_CONVERSION</key>
				<string>YES</string>
				<key>CLANG_WARN_INFINITE_RECURSION</key>
				<string>YES</string>
				<key>CLANG_WARN_INT_CONVERSION</key>
				<string>YES</string>
				<key>CLANG_WARN_OBJC_ROOT_CLASS</key>
				<string>YES_ERROR</string>
				<key>CLANG_WARN_SUSPICIOUS_MOVE</key>
				<string>YES</string>
				<key>CLANG_WARN_UNREACHABLE_CODE</key>
				<string>YES</string>
				<key>CLANG_WARN__DUPLICATE_METHOD_MATCH</key>
				<string>YES</string>
				<key>CODE_SIGN_IDENTITY[sdk=iphoneos*]</key>
				<string>iPhone Developer</string>
				<key>COPY_PHASE_STRIP</key>
				<string>NO</string>
				<key>DEBUG_INFORMATION_FORMAT</key>
				<string>dwarf-with-dsym</string>
				<key>ENABLE_NS_ASSERTIONS</key>
				<string>NO</string>
				<key>ENABLE_STRICT_OBJC_MSGSEND</key>
				<string>YES</string>
				<key>GCC_C_LANGUAGE_STANDARD</key>
				<string>gnu99</string>
				<key>GCC_NO_COMMON_BLOCKS</key>
				<string>YES</string>
				<key>GCC_WARN_64_TO_32_BIT_CONVERSION</key>
				<string>YES</string>
				<key>GCC_WARN_ABOUT_RETURN_TYPE</key>
				<string>YES_ERROR</string>
				<key>GCC_WARN_UNDECLARED_SELECTOR</key>
				<string>YES</string>
				<key>GCC_WARN_UNINITIALIZED_AUTOS</key>
				<string>YES_AGGRESSIVE</string>
				<key>GCC_WARN_UNUSED_FUNCTION</key>
				<string>YES</string>
				<key>GCC_WARN_UNUSED_VARIABLE</key>
				<string>YES</string>
				<key>IPHONEOS_DEPLOYMENT_TARGET</key>
				<string>10.2</string>
				<key>MTL_ENABLE_DEBUG_INFO</key>
				<string>NO</string>
				<key>SDKROOT</key>
				<string>iphoneos</string>
				<key>SWIFT_OPTIMIZATION_LEVEL</key>
				<string>-Owholemodule</string>
				<key>TARGETED_DEVICE_FAMILY</key>
				<string>1,2</string>
				<key>VALIDATE_PRODUCT</key>
				<string>YES</string>
			</dict>
			<key>isa</key>
			<string>XCBuildConfiguration</string>
			<key>name</key>
			<string>Release</string>
		</dict>
		<key>8B410D091E7464B600DB1AFA</key>
		<dict>
			<key>buildConfigurations</key>
			<array>
				<string>8B410D0A1E7464B600DB1AFA</string>
				<string>8B410D0B1E7464B600DB1AFA</string>
			</array>
			<key>defaultConfigurationIsVisible</key>
			<string>0</string>
			<key>defaultConfigurationName</key>
			<string>Release</string>
			<key>isa</key>
			<string>XCConfigurationList</string>
		</dict>
		<key>8B410D0A1E7464B600DB1AFA</key>
		<dict>
			<key>buildSettings</key>
			<dict>
				<key>ASSETCATALOG_COMPILER_APPICON_NAME</key>
				<string>AppIcon</string>
				<key>DEVELOPMENT_TEAM</key>
				<string>2R8KNQM8C5</string>
				<key>INFOPLIST_FILE</key>
				<string>FBHackathon/Info.plist</string>
				<key>LD_RUNPATH_SEARCH_PATHS</key>
				<string>$(inherited) @executable_path/Frameworks</string>
				<key>PRODUCT_BUNDLE_IDENTIFIER</key>
				<string>com.carrotapps.FBHackathon</string>
				<key>PRODUCT_NAME</key>
				<string>$(TARGET_NAME)</string>
				<key>SWIFT_VERSION</key>
				<string>3.0</string>
			</dict>
			<key>isa</key>
			<string>XCBuildConfiguration</string>
			<key>name</key>
			<string>Debug</string>
		</dict>
		<key>8B410D0B1E7464B600DB1AFA</key>
		<dict>
			<key>buildSettings</key>
			<dict>
				<key>ASSETCATALOG_COMPILER_APPICON_NAME</key>
				<string>AppIcon</string>
				<key>DEVELOPMENT_TEAM</key>
				<string>2R8KNQM8C5</string>
				<key>INFOPLIST_FILE</key>
				<string>FBHackathon/Info.plist</string>
				<key>LD_RUNPATH_SEARCH_PATHS</key>
				<string>$(inherited) @executable_path/Frameworks</string>
				<key>PRODUCT_BUNDLE_IDENTIFIER</key>
				<string>com.carrotapps.FBHackathon</string>
				<key>PRODUCT_NAME</key>
				<string>$(TARGET_NAME)</string>
				<key>SWIFT_VERSION</key>
				<string>3.0</string>
			</dict>
			<key>isa</key>
			<string>XCBuildConfiguration</string>
			<key>name</key>
			<string>Release</string>
		</dict>
		<key>8B410D121E74857900DB1AFA</key>
		<dict>
			<key>fileEncoding</key>
			<string>4</string>
			<key>isa</key>
			<string>PBXFileReference</string>
			<key>lastKnownFileType</key>
			<string>sourcecode.swift</string>
			<key>path</key>
			<string>MainViewController.swift</string>
			<key>sourceTree</key>
			<string>&lt;group&gt;</string>
		</dict>
		<key>8B410D131E74857900DB1AFA</key>
		<dict>
			<key>fileRef</key>
			<string>8B410D121E74857900DB1AFA</string>
			<key>isa</key>
			<string>PBXBuildFile</string>
		</dict>
		<key>8B410D141E748E3B00DB1AFA</key>
		<dict>
			<key>fileEncoding</key>
			<string>4</string>
			<key>isa</key>
			<string>PBXFileReference</string>
			<key>lastKnownFileType</key>
			<string>sourcecode.swift</string>
			<key>path</key>
			<string>AsyncButton.swift</string>
			<key>sourceTree</key>
			<string>&lt;group&gt;</string>
		</dict>
		<key>8B410D151E748E3B00DB1AFA</key>
		<dict>
			<key>fileEncoding</key>
			<string>4</string>
			<key>isa</key>
			<string>PBXFileReference</string>
			<key>lastKnownFileType</key>
			<string>sourcecode.swift</string>
			<key>path</key>
			<string>AsyncImageView.swift</string>
			<key>sourceTree</key>
			<string>&lt;group&gt;</string>
		</dict>
		<key>8B410D161E748E3B00DB1AFA</key>
		<dict>
			<key>fileEncoding</key>
			<string>4</string>
			<key>isa</key>
			<string>PBXFileReference</string>
			<key>lastKnownFileType</key>
			<string>sourcecode.swift</string>
			<key>path</key>
			<string>AutoTextView.swift</string>
			<key>sourceTree</key>
			<string>&lt;group&gt;</string>
		</dict>
		<key>8B410D171E748E3B00DB1AFA</key>
		<dict>
			<key>fileEncoding</key>
			<string>4</string>
			<key>isa</key>
			<string>PBXFileReference</string>
			<key>lastKnownFileType</key>
			<string>sourcecode.swift</string>
			<key>path</key>
			<string>LoadingView.swift</string>
			<key>sourceTree</key>
			<string>&lt;group&gt;</string>
		</dict>
		<key>8B410D181E748E3B00DB1AFA</key>
		<dict>
			<key>fileEncoding</key>
			<string>4</string>
			<key>isa</key>
			<string>PBXFileReference</string>
			<key>lastKnownFileType</key>
			<string>file.xib</string>
			<key>path</key>
			<string>LoadingView.xib</string>
			<key>sourceTree</key>
			<string>&lt;group&gt;</string>
		</dict>
		<key>8B410D191E748E3B00DB1AFA</key>
		<dict>
			<key>fileEncoding</key>
			<string>4</string>
			<key>isa</key>
			<string>PBXFileReference</string>
			<key>lastKnownFileType</key>
			<string>sourcecode.swift</string>
			<key>path</key>
			<string>BlurView.swift</string>
			<key>sourceTree</key>
			<string>&lt;group&gt;</string>
		</dict>
		<key>8B410D1A1E748E3B00DB1AFA</key>
		<dict>
			<key>fileEncoding</key>
			<string>4</string>
			<key>isa</key>
			<string>PBXFileReference</string>
			<key>lastKnownFileType</key>
			<string>sourcecode.swift</string>
			<key>path</key>
			<string>DesignableButton.swift</string>
			<key>sourceTree</key>
			<string>&lt;group&gt;</string>
		</dict>
		<key>8B410D1B1E748E3B00DB1AFA</key>
		<dict>
			<key>fileEncoding</key>
			<string>4</string>
			<key>isa</key>
			<string>PBXFileReference</string>
			<key>lastKnownFileType</key>
			<string>sourcecode.swift</string>
			<key>path</key>
			<string>DesignableImageView.swift</string>
			<key>sourceTree</key>
			<string>&lt;group&gt;</string>
		</dict>
		<key>8B410D1C1E748E3B00DB1AFA</key>
		<dict>
			<key>fileEncoding</key>
			<string>4</string>
			<key>isa</key>
			<string>PBXFileReference</string>
			<key>lastKnownFileType</key>
			<string>sourcecode.swift</string>
			<key>path</key>
			<string>DesignableLabel.swift</string>
			<key>sourceTree</key>
			<string>&lt;group&gt;</string>
		</dict>
		<key>8B410D1D1E748E3B00DB1AFA</key>
		<dict>
			<key>fileEncoding</key>
			<string>4</string>
			<key>isa</key>
			<string>PBXFileReference</string>
			<key>lastKnownFileType</key>
			<string>sourcecode.swift</string>
			<key>path</key>
			<string>DesignableTextField.swift</string>
			<key>sourceTree</key>
			<string>&lt;group&gt;</string>
		</dict>
		<key>8B410D1E1E748E3B00DB1AFA</key>
		<dict>
			<key>fileEncoding</key>
			<string>4</string>
			<key>isa</key>
			<string>PBXFileReference</string>
			<key>lastKnownFileType</key>
			<string>sourcecode.swift</string>
			<key>path</key>
			<string>DesignableTextView.swift</string>
			<key>sourceTree</key>
			<string>&lt;group&gt;</string>
		</dict>
		<key>8B410D1F1E748E3B00DB1AFA</key>
		<dict>
			<key>fileEncoding</key>
			<string>4</string>
			<key>isa</key>
			<string>PBXFileReference</string>
			<key>lastKnownFileType</key>
			<string>sourcecode.swift</string>
			<key>path</key>
			<string>DesignableView.swift</string>
			<key>sourceTree</key>
			<string>&lt;group&gt;</string>
		</dict>
		<key>8B410D201E748E3B00DB1AFA</key>
		<dict>
			<key>fileEncoding</key>
			<string>4</string>
			<key>isa</key>
			<string>PBXFileReference</string>
			<key>lastKnownFileType</key>
			<string>sourcecode.swift</string>
			<key>path</key>
			<string>DesignableTabBarController.swift</string>
			<key>sourceTree</key>
			<string>&lt;group&gt;</string>
		</dict>
		<key>8B410D211E748E3B00DB1AFA</key>
		<dict>
			<key>fileEncoding</key>
			<string>4</string>
			<key>isa</key>
			<string>PBXFileReference</string>
			<key>lastKnownFileType</key>
			<string>sourcecode.swift</string>
			<key>path</key>
			<string>ImageLoader.swift</string>
			<key>sourceTree</key>
			<string>&lt;group&gt;</string>
		</dict>
		<key>8B410D221E748E3B00DB1AFA</key>
		<dict>
			<key>fileEncoding</key>
			<string>4</string>
			<key>isa</key>
			<string>PBXFileReference</string>
			<key>lastKnownFileType</key>
			<string>sourcecode.swift</string>
			<key>path</key>
			<string>KeyboardLayoutConstraint.swift</string>
			<key>sourceTree</key>
			<string>&lt;group&gt;</string>
		</dict>
		<key>8B410D231E748E3B00DB1AFA</key>
		<dict>
			<key>fileEncoding</key>
			<string>4</string>
			<key>isa</key>
			<string>PBXFileReference</string>
			<key>lastKnownFileType</key>
			<string>sourcecode.swift</string>
			<key>path</key>
			<string>Misc.swift</string>
			<key>sourceTree</key>
			<string>&lt;group&gt;</string>
		</dict>
		<key>8B410D241E748E3B00DB1AFA</key>
		<dict>
			<key>fileEncoding</key>
			<string>4</string>
			<key>isa</key>
			<string>PBXFileReference</string>
			<key>lastKnownFileType</key>
			<string>sourcecode.swift</string>
			<key>path</key>
			<string>SoundPlayer.swift</string>
			<key>sourceTree</key>
			<string>&lt;group&gt;</string>
		</dict>
		<key>8B410D251E748E3B00DB1AFA</key>
		<dict>
			<key>fileEncoding</key>
			<string>4</string>
			<key>isa</key>
			<string>PBXFileReference</string>
			<key>lastKnownFileType</key>
			<string>sourcecode.swift</string>
			<key>path</key>
			<string>Spring.swift</string>
			<key>sourceTree</key>
			<string>&lt;group&gt;</string>
		</dict>
		<key>8B410D261E748E3B00DB1AFA</key>
		<dict>
			<key>fileEncoding</key>
			<string>4</string>
			<key>isa</key>
			<string>PBXFileReference</string>
			<key>lastKnownFileType</key>
			<string>sourcecode.swift</string>
			<key>path</key>
			<string>SpringAnimation.swift</string>
			<key>sourceTree</key>
			<string>&lt;group&gt;</string>
		</dict>
		<key>8B410D271E748E3B00DB1AFA</key>
		<dict>
			<key>fileEncoding</key>
			<string>4</string>
			<key>isa</key>
			<string>PBXFileReference</string>
			<key>lastKnownFileType</key>
			<string>sourcecode.swift</string>
			<key>path</key>
			<string>SpringButton.swift</string>
			<key>sourceTree</key>
			<string>&lt;group&gt;</string>
		</dict>
		<key>8B410D281E748E3B00DB1AFA</key>
		<dict>
			<key>fileEncoding</key>
			<string>4</string>
			<key>isa</key>
			<string>PBXFileReference</string>
			<key>lastKnownFileType</key>
			<string>sourcecode.swift</string>
			<key>path</key>
			<string>SpringImageView.swift</string>
			<key>sourceTree</key>
			<string>&lt;group&gt;</string>
		</dict>
		<key>8B410D291E748E3B00DB1AFA</key>
		<dict>
			<key>fileEncoding</key>
			<string>4</string>
			<key>isa</key>
			<string>PBXFileReference</string>
			<key>lastKnownFileType</key>
			<string>sourcecode.swift</string>
			<key>path</key>
			<string>SpringLabel.swift</string>
			<key>sourceTree</key>
			<string>&lt;group&gt;</string>
		</dict>
		<key>8B410D2A1E748E3B00DB1AFA</key>
		<dict>
			<key>fileEncoding</key>
			<string>4</string>
			<key>isa</key>
			<string>PBXFileReference</string>
			<key>lastKnownFileType</key>
			<string>sourcecode.swift</string>
			<key>path</key>
			<string>SpringTextField.swift</string>
			<key>sourceTree</key>
			<string>&lt;group&gt;</string>
		</dict>
		<key>8B410D2B1E748E3B00DB1AFA</key>
		<dict>
			<key>fileEncoding</key>
			<string>4</string>
			<key>isa</key>
			<string>PBXFileReference</string>
			<key>lastKnownFileType</key>
			<string>sourcecode.swift</string>
			<key>path</key>
			<string>SpringTextView.swift</string>
			<key>sourceTree</key>
			<string>&lt;group&gt;</string>
		</dict>
		<key>8B410D2C1E748E3B00DB1AFA</key>
		<dict>
			<key>fileEncoding</key>
			<string>4</string>
			<key>isa</key>
			<string>PBXFileReference</string>
			<key>lastKnownFileType</key>
			<string>sourcecode.swift</string>
			<key>path</key>
			<string>SpringView.swift</string>
			<key>sourceTree</key>
			<string>&lt;group&gt;</string>
		</dict>
		<key>8B410D2D1E748E3B00DB1AFA</key>
		<dict>
			<key>fileEncoding</key>
			<string>4</string>
			<key>isa</key>
			<string>PBXFileReference</string>
			<key>lastKnownFileType</key>
			<string>sourcecode.swift</string>
			<key>path</key>
			<string>TransitionManager.swift</string>
			<key>sourceTree</key>
			<string>&lt;group&gt;</string>
		</dict>
		<key>8B410D2E1E748E3B00DB1AFA</key>
		<dict>
			<key>fileEncoding</key>
			<string>4</string>
			<key>isa</key>
			<string>PBXFileReference</string>
			<key>lastKnownFileType</key>
			<string>sourcecode.swift</string>
			<key>path</key>
			<string>TransitionZoom.swift</string>
			<key>sourceTree</key>
			<string>&lt;group&gt;</string>
		</dict>
		<key>8B410D2F1E748E3B00DB1AFA</key>
		<dict>
			<key>fileEncoding</key>
			<string>4</string>
			<key>isa</key>
			<string>PBXFileReference</string>
			<key>lastKnownFileType</key>
			<string>sourcecode.swift</string>
			<key>path</key>
			<string>UnwindSegue.swift</string>
			<key>sourceTree</key>
			<string>&lt;group&gt;</string>
		</dict>
		<key>8B410D301E748E3B00DB1AFA</key>
		<dict>
			<key>fileRef</key>
			<string>8B410D141E748E3B00DB1AFA</string>
			<key>isa</key>
			<string>PBXBuildFile</string>
		</dict>
		<key>8B410D311E748E3B00DB1AFA</key>
		<dict>
			<key>fileRef</key>
			<string>8B410D151E748E3B00DB1AFA</string>
			<key>isa</key>
			<string>PBXBuildFile</string>
		</dict>
		<key>8B410D321E748E3B00DB1AFA</key>
		<dict>
			<key>fileRef</key>
			<string>8B410D161E748E3B00DB1AFA</string>
			<key>isa</key>
			<string>PBXBuildFile</string>
		</dict>
		<key>8B410D331E748E3B00DB1AFA</key>
		<dict>
			<key>fileRef</key>
			<string>8B410D171E748E3B00DB1AFA</string>
			<key>isa</key>
			<string>PBXBuildFile</string>
		</dict>
		<key>8B410D341E748E3B00DB1AFA</key>
		<dict>
			<key>fileRef</key>
			<string>8B410D181E748E3B00DB1AFA</string>
			<key>isa</key>
			<string>PBXBuildFile</string>
		</dict>
		<key>8B410D351E748E3B00DB1AFA</key>
		<dict>
			<key>fileRef</key>
			<string>8B410D191E748E3B00DB1AFA</string>
			<key>isa</key>
			<string>PBXBuildFile</string>
		</dict>
		<key>8B410D361E748E3B00DB1AFA</key>
		<dict>
			<key>fileRef</key>
			<string>8B410D1A1E748E3B00DB1AFA</string>
			<key>isa</key>
			<string>PBXBuildFile</string>
		</dict>
		<key>8B410D371E748E3B00DB1AFA</key>
		<dict>
			<key>fileRef</key>
			<string>8B410D1B1E748E3B00DB1AFA</string>
			<key>isa</key>
			<string>PBXBuildFile</string>
		</dict>
		<key>8B410D381E748E3B00DB1AFA</key>
		<dict>
			<key>fileRef</key>
			<string>8B410D1C1E748E3B00DB1AFA</string>
			<key>isa</key>
			<string>PBXBuildFile</string>
		</dict>
		<key>8B410D391E748E3B00DB1AFA</key>
		<dict>
			<key>fileRef</key>
			<string>8B410D1D1E748E3B00DB1AFA</string>
			<key>isa</key>
			<string>PBXBuildFile</string>
		</dict>
		<key>8B410D3A1E748E3B00DB1AFA</key>
		<dict>
			<key>fileRef</key>
			<string>8B410D1E1E748E3B00DB1AFA</string>
			<key>isa</key>
			<string>PBXBuildFile</string>
		</dict>
		<key>8B410D3B1E748E3B00DB1AFA</key>
		<dict>
			<key>fileRef</key>
			<string>8B410D1F1E748E3B00DB1AFA</string>
			<key>isa</key>
			<string>PBXBuildFile</string>
		</dict>
		<key>8B410D3C1E748E3B00DB1AFA</key>
		<dict>
			<key>fileRef</key>
			<string>8B410D201E748E3B00DB1AFA</string>
			<key>isa</key>
			<string>PBXBuildFile</string>
		</dict>
		<key>8B410D3D1E748E3B00DB1AFA</key>
		<dict>
			<key>fileRef</key>
			<string>8B410D211E748E3B00DB1AFA</string>
			<key>isa</key>
			<string>PBXBuildFile</string>
		</dict>
		<key>8B410D3E1E748E3B00DB1AFA</key>
		<dict>
			<key>fileRef</key>
			<string>8B410D221E748E3B00DB1AFA</string>
			<key>isa</key>
			<string>PBXBuildFile</string>
		</dict>
		<key>8B410D3F1E748E3B00DB1AFA</key>
		<dict>
			<key>fileRef</key>
			<string>8B410D231E748E3B00DB1AFA</string>
			<key>isa</key>
			<string>PBXBuildFile</string>
		</dict>
		<key>8B410D401E748E3B00DB1AFA</key>
		<dict>
			<key>fileRef</key>
			<string>8B410D241E748E3B00DB1AFA</string>
			<key>isa</key>
			<string>PBXBuildFile</string>
		</dict>
		<key>8B410D411E748E3B00DB1AFA</key>
		<dict>
			<key>fileRef</key>
			<string>8B410D251E748E3B00DB1AFA</string>
			<key>isa</key>
			<string>PBXBuildFile</string>
		</dict>
		<key>8B410D421E748E3B00DB1AFA</key>
		<dict>
			<key>fileRef</key>
			<string>8B410D261E748E3B00DB1AFA</string>
			<key>isa</key>
			<string>PBXBuildFile</string>
		</dict>
		<key>8B410D431E748E3B00DB1AFA</key>
		<dict>
			<key>fileRef</key>
			<string>8B410D271E748E3B00DB1AFA</string>
			<key>isa</key>
			<string>PBXBuildFile</string>
		</dict>
		<key>8B410D441E748E3B00DB1AFA</key>
		<dict>
			<key>fileRef</key>
			<string>8B410D281E748E3B00DB1AFA</string>
			<key>isa</key>
			<string>PBXBuildFile</string>
		</dict>
		<key>8B410D451E748E3B00DB1AFA</key>
		<dict>
			<key>fileRef</key>
			<string>8B410D291E748E3B00DB1AFA</string>
			<key>isa</key>
			<string>PBXBuildFile</string>
		</dict>
		<key>8B410D461E748E3B00DB1AFA</key>
		<dict>
			<key>fileRef</key>
			<string>8B410D2A1E748E3B00DB1AFA</string>
			<key>isa</key>
			<string>PBXBuildFile</string>
		</dict>
		<key>8B410D471E748E3B00DB1AFA</key>
		<dict>
			<key>fileRef</key>
			<string>8B410D2B1E748E3B00DB1AFA</string>
			<key>isa</key>
			<string>PBXBuildFile</string>
		</dict>
		<key>8B410D481E748E3B00DB1AFA</key>
		<dict>
			<key>fileRef</key>
			<string>8B410D2C1E748E3B00DB1AFA</string>
			<key>isa</key>
			<string>PBXBuildFile</string>
		</dict>
		<key>8B410D491E748E3B00DB1AFA</key>
		<dict>
			<key>fileRef</key>
			<string>8B410D2D1E748E3B00DB1AFA</string>
			<key>isa</key>
			<string>PBXBuildFile</string>
		</dict>
		<key>8B410D4A1E748E3B00DB1AFA</key>
		<dict>
			<key>fileRef</key>
			<string>8B410D2E1E748E3B00DB1AFA</string>
			<key>isa</key>
			<string>PBXBuildFile</string>
		</dict>
		<key>8B410D4B1E748E3B00DB1AFA</key>
		<dict>
			<key>fileRef</key>
			<string>8B410D2F1E748E3B00DB1AFA</string>
			<key>isa</key>
			<string>PBXBuildFile</string>
		</dict>
		<key>8B410D4C1E748E4300DB1AFA</key>
		<dict>
			<key>children</key>
			<array>
				<string>8B410D141E748E3B00DB1AFA</string>
				<string>8B410D151E748E3B00DB1AFA</string>
				<string>8B410D161E748E3B00DB1AFA</string>
				<string>8B410D171E748E3B00DB1AFA</string>
				<string>8B410D181E748E3B00DB1AFA</string>
				<string>8B410D191E748E3B00DB1AFA</string>
				<string>8B410D1A1E748E3B00DB1AFA</string>
				<string>8B410D1B1E748E3B00DB1AFA</string>
				<string>8B410D1C1E748E3B00DB1AFA</string>
				<string>8B410D1D1E748E3B00DB1AFA</string>
				<string>8B410D1E1E748E3B00DB1AFA</string>
				<string>8B410D1F1E748E3B00DB1AFA</string>
				<string>8B410D201E748E3B00DB1AFA</string>
				<string>8B410D211E748E3B00DB1AFA</string>
				<string>8B410D221E748E3B00DB1AFA</string>
				<string>8B410D231E748E3B00DB1AFA</string>
				<string>8B410D241E748E3B00DB1AFA</string>
				<string>8B410D251E748E3B00DB1AFA</string>
				<string>8B410D261E748E3B00DB1AFA</string>
				<string>8B410D271E748E3B00DB1AFA</string>
				<string>8B410D281E748E3B00DB1AFA</string>
				<string>8B410D291E748E3B00DB1AFA</string>
				<string>8B410D2A1E748E3B00DB1AFA</string>
				<string>8B410D2B1E748E3B00DB1AFA</string>
				<string>8B410D2C1E748E3B00DB1AFA</string>
				<string>8B410D2D1E748E3B00DB1AFA</string>
				<string>8B410D2E1E748E3B00DB1AFA</string>
				<string>8B410D2F1E748E3B00DB1AFA</string>
			</array>
			<key>isa</key>
			<string>PBXGroup</string>
			<key>name</key>
			<string>Spring</string>
			<key>sourceTree</key>
			<string>&lt;group&gt;</string>
		</dict>
		<key>8B410D4D1E7491E100DB1AFA</key>
		<dict>
			<key>fileEncoding</key>
			<string>4</string>
			<key>isa</key>
			<string>PBXFileReference</string>
			<key>lastKnownFileType</key>
			<string>sourcecode.swift</string>
			<key>path</key>
			<string>BubbleTransition.swift</string>
			<key>sourceTree</key>
			<string>&lt;group&gt;</string>
		</dict>
		<key>8B410D4E1E7491E100DB1AFA</key>
		<dict>
			<key>fileRef</key>
			<string>8B410D4D1E7491E100DB1AFA</string>
			<key>isa</key>
			<string>PBXBuildFile</string>
		</dict>
		<key>8B410D4F1E74A26700DB1AFA</key>
		<dict>
			<key>fileEncoding</key>
			<string>4</string>
			<key>isa</key>
			<string>PBXFileReference</string>
			<key>lastKnownFileType</key>
			<string>sourcecode.swift</string>
			<key>path</key>
			<string>GameViewController.swift</string>
			<key>sourceTree</key>
			<string>&lt;group&gt;</string>
		</dict>
		<key>8B410D501E74A26700DB1AFA</key>
		<dict>
			<key>fileRef</key>
			<string>8B410D4F1E74A26700DB1AFA</string>
			<key>isa</key>
			<string>PBXBuildFile</string>
		</dict>
		<key>8B410D511E74A6D600DB1AFA</key>
		<dict>
			<key>isa</key>
			<string>PBXFileReference</string>
			<key>lastKnownFileType</key>
			<string>file</string>
			<key>path</key>
			<string>HVD_Comic_Serif_Pro.otf</string>
			<key>sourceTree</key>
			<string>&lt;group&gt;</string>
		</dict>
		<key>8B410D521E74A6D600DB1AFA</key>
		<dict>
			<key>fileRef</key>
			<string>8B410D511E74A6D600DB1AFA</string>
			<key>isa</key>
			<string>PBXBuildFile</string>
		</dict>
		<key>8B410D531E74C4D500DB1AFA</key>
		<dict>
			<key>fileEncoding</key>
			<string>4</string>
			<key>isa</key>
			<string>PBXFileReference</string>
			<key>lastKnownFileType</key>
			<string>sourcecode.swift</string>
			<key>path</key>
			<string>ColorTapViewController.swift</string>
			<key>sourceTree</key>
			<string>&lt;group&gt;</string>
		</dict>
		<key>8B410D541E74C4D500DB1AFA</key>
		<dict>
			<key>fileRef</key>
			<string>8B410D531E74C4D500DB1AFA</string>
			<key>isa</key>
			<string>PBXBuildFile</string>
		</dict>
	</dict>
	<key>rootObject</key>
	<string>8B410CD91E7464B600DB1AFA</string>
</dict>
</plist>
